
Microsoft Visual Studio Solution File, Format Version 12.00
# Visual Studio Version 17
VisualStudioVersion = 17.3.32922.545
MinimumVisualStudioVersion = 10.0.40219.1
Project("{2150E333-8FDC-42A3-9474-1A3956D46DE8}") = "Launcher", "Launcher", "{E7C5E695-12EB-42B3-B4A6-FAEBFD1E13CA}"
EndProject
Project("{FAE04EC0-301F-11D3-BF4B-00C04F79EFBC}") = "OpenFrp.Launcher", "OpenFrp.Launcher\OpenFrp.Launcher.csproj", "{0AA13295-1937-4388-83BC-65386AA8D6D9}"
EndProject
Global
	GlobalSection(SolutionConfigurationPlatforms) = preSolution
		Debug|Any CPU = Debug|Any CPU
		Release|Any CPU = Release|Any CPU
	EndGlobalSection
	GlobalSection(ProjectConfigurationPlatforms) = postSolution
		{0AA13295-1937-4388-83BC-65386AA8D6D9}.Debug|Any CPU.ActiveCfg = Debug|Any CPU
		{0AA13295-1937-4388-83BC-65386AA8D6D9}.Debug|Any CPU.Build.0 = Debug|Any CPU
		{0AA13295-1937-4388-83BC-65386AA8D6D9}.Release|Any CPU.ActiveCfg = Release|Any CPU
		{0AA13295-1937-4388-83BC-65386AA8D6D9}.Release|Any CPU.Build.0 = Release|Any CPU
	EndGlobalSection
	GlobalSection(SolutionProperties) = preSolution
		HideSolutionNode = FALSE
	EndGlobalSection
	GlobalSection(NestedProjects) = preSolution
		{0AA13295-1937-4388-83BC-65386AA8D6D9} = {E7C5E695-12EB-42B3-B4A6-FAEBFD1E13CA}
	EndGlobalSection
	GlobalSection(ExtensibilityGlobals) = postSolution
		SolutionGuid = {C707EE8D-15D5-471F-B6EF-15BF9EE3B4FA}
	EndGlobalSection
EndGlobal
